
Microsoft Visual Studio Solution File, Format Version 12.00
# Visual Studio Version 17
VisualStudioVersion = 17.8.34322.80
MinimumVisualStudioVersion = 10.0.40219.1
Project("{FAE04EC0-301F-11D3-BF4B-00C04F79EFBC}") = "Form_Test_Fail", "Form_Test_Fail.csproj", "{8B3E1881-77FA-4A46-A192-7B70A5D4F9CF}"
EndProject
Global
	GlobalSection(SolutionConfigurationPlatforms) = preSolution
		Debug|Any CPU = Debug|Any CPU
		Release|Any CPU = Release|Any CPU
	EndGlobalSection
	GlobalSection(ProjectConfigurationPlatforms) = postSolution
		{8B3E1881-77FA-4A46-A192-7B70A5D4F9CF}.Debug|Any CPU.ActiveCfg = Debug|Any CPU
		{8B3E1881-77FA-4A46-A192-7B70A5D4F9CF}.Debug|Any CPU.Build.0 = Debug|Any CPU
		{8B3E1881-77FA-4A46-A192-7B70A5D4F9CF}.Release|Any CPU.ActiveCfg = Release|Any CPU
		{8B3E1881-77FA-4A46-A192-7B70A5D4F9CF}.Release|Any CPU.Build.0 = Release|Any CPU
	EndGlobalSection
	GlobalSection(SolutionProperties) = preSolution
		HideSolutionNode = FALSE
	EndGlobalSection
	GlobalSection(ExtensibilityGlobals) = postSolution
		SolutionGuid = {6A0DE8CD-C35C-439F-B67C-22A422918CEE}
	EndGlobalSection
EndGlobal
